github.com/ebml-go/ebml v0.0.0-20160925193348-ca8851a10894 h1:N1Navg94Gvv0DkkFJFoTBxb8e886L3dqq2UoUMjcVZI=
github.com/ebml-go/ebml v0.0.0-20160925193348-ca8851a10894/go.mod h1:nW0Kn5hTb57MDQW6vhOAUsT5/z6o9RQcMs8wmOcZtWw=
github.com/petar/GoLLRB v0.0.0-20130427215148-53be0d36a84c h1:AwcgVYzW1T+QuJ2fc55ceOSCiVaOpdYUNpFj9t7+n9U=
github.com/petar/GoLLRB v0.0.0-20130427215148-53be0d36a84c/go.mod h1:HUpKUBZnpzkdx0kD/+Yfuft+uD3zHGtXF/XJB14TUr4=
